
Microsoft Visual Studio Solution File, Format Version 12.00
# Visual Studio 14
VisualStudioVersion = 14.0.24720.0
MinimumVisualStudioVersion = 10.0.40219.1
Project("{FAE04EC0-301F-11D3-BF4B-00C04F79EFBC}") = "NinjaSearchCross.Droid", "NinjaSearchCross\NinjaSearchCross.Droid\NinjaSearchCross.Droid.csproj", "{CA1408D4-261E-4BB6-9C17-53B5092882C7}"
EndProject
Project("{FAE04EC0-301F-11D3-BF4B-00C04F79EFBC}") = "NinjaSearchCross.iOS", "NinjaSearchCross\NinjaSearchCross.iOS\NinjaSearchCross.iOS.csproj", "{7EE2B72A-862C-410E-B4AD-928FACB07FEE}"
EndProject
Project("{FAE04EC0-301F-11D3-BF4B-00C04F79EFBC}") = "NinjaSearchCross", "NinjaSearchCross\NinjaSearchCross\NinjaSearchCross.csproj", "{9FCF8AA5-51BC-4A1A-AC0D-985397DDA473}"
EndProject
Project("{FAE04EC0-301F-11D3-BF4B-00C04F79EFBC}") = "NinjaSearchCross.WPF", "NinjaSearchCross\NinjaSearchCross.WPF\NinjaSearchCross.WPF.csproj", "{90B8E4F7-4A20-470F-9684-7ACEB4F7EA6B}"
EndProject
Project("{FAE04EC0-301F-11D3-BF4B-00C04F79EFBC}") = "NinjaSearchCross.Win10", "NinjaSearchCross\NinjaSearchCross.Win10\NinjaSearchCross.Win10.csproj", "{A6C39EF4-6220-4475-9FC8-81F9ACAD66E2}"
EndProject
Project("{FAE04EC0-301F-11D3-BF4B-00C04F79EFBC}") = "NinjaSearchCross.Tests", "NinjaSearchCross\NinjaSearchCross.Tests\NinjaSearchCross.Tests.csproj", "{37EA4A10-9950-4848-ACA2-852E51E7CA99}"
EndProject
Project("{2150E333-8FDC-42A3-9474-1A3956D46DE8}") = "Clients", "Clients", "{85B00F0A-FDC8-48F6-A4AB-5F6822FC7FE8}"
EndProject
Global
	GlobalSection(SolutionConfigurationPlatforms) = preSolution
		Debug|Any CPU = Debug|Any CPU
		Debug|ARM = Debug|ARM
		Debug|iPhone = Debug|iPhone
		Debug|iPhoneSimulator = Debug|iPhoneSimulator
		Debug|x64 = Debug|x64
		Debug|x86 = Debug|x86
		Release|Any CPU = Release|Any CPU
		Release|ARM = Release|ARM
		Release|iPhone = Release|iPhone
		Release|iPhoneSimulator = Release|iPhoneSimulator
		Release|x64 = Release|x64
		Release|x86 = Release|x86
	EndGlobalSection
	GlobalSection(ProjectConfigurationPlatforms) = postSolution
		{CA1408D4-261E-4BB6-9C17-53B5092882C7}.Debug|Any CPU.ActiveCfg = Debug|Any CPU
		{CA1408D4-261E-4BB6-9C17-53B5092882C7}.Debug|Any CPU.Build.0 = Debug|Any CPU
		{CA1408D4-261E-4BB6-9C17-53B5092882C7}.Debug|Any CPU.Deploy.0 = Debug|Any CPU
		{CA1408D4-261E-4BB6-9C17-53B5092882C7}.Debug|ARM.ActiveCfg = Debug|Any CPU
		{CA1408D4-261E-4BB6-9C17-53B5092882C7}.Debug|ARM.Build.0 = Debug|Any CPU
		{CA1408D4-261E-4BB6-9C17-53B5092882C7}.Debug|ARM.Deploy.0 = Debug|Any CPU
		{CA1408D4-261E-4BB6-9C17-53B5092882C7}.Debug|iPhone.ActiveCfg = Debug|Any CPU
		{CA1408D4-261E-4BB6-9C17-53B5092882C7}.Debug|iPhone.Build.0 = Debug|Any CPU
		{CA1408D4-261E-4BB6-9C17-53B5092882C7}.Debug|iPhone.Deploy.0 = Debug|Any CPU
		{CA1408D4-261E-4BB6-9C17-53B5092882C7}.Debug|iPhoneSimulator.ActiveCfg = Debug|Any CPU
		{CA1408D4-261E-4BB6-9C17-53B5092882C7}.Debug|iPhoneSimulator.Build.0 = Debug|Any CPU
		{CA1408D4-261E-4BB6-9C17-53B5092882C7}.Debug|iPhoneSimulator.Deploy.0 = Debug|Any CPU
		{CA1408D4-261E-4BB6-9C17-53B5092882C7}.Debug|x64.ActiveCfg = Debug|Any CPU
		{CA1408D4-261E-4BB6-9C17-53B5092882C7}.Debug|x64.Build.0 = Debug|Any CPU
		{CA1408D4-261E-4BB6-9C17-53B5092882C7}.Debug|x64.Deploy.0 = Debug|Any CPU
		{CA1408D4-261E-4BB6-9C17-53B5092882C7}.Debug|x86.ActiveCfg = Debug|Any CPU
		{CA1408D4-261E-4BB6-9C17-53B5092882C7}.Debug|x86.Build.0 = Debug|Any CPU
		{CA1408D4-261E-4BB6-9C17-53B5092882C7}.Debug|x86.Deploy.0 = Debug|Any CPU
		{CA1408D4-261E-4BB6-9C17-53B5092882C7}.Release|Any CPU.ActiveCfg = Release|Any CPU
		{CA1408D4-261E-4BB6-9C17-53B5092882C7}.Release|Any CPU.Build.0 = Release|Any CPU
		{CA1408D4-261E-4BB6-9C17-53B5092882C7}.Release|Any CPU.Deploy.0 = Release|Any CPU
		{CA1408D4-261E-4BB6-9C17-53B5092882C7}.Release|ARM.ActiveCfg = Release|Any CPU
		{CA1408D4-261E-4BB6-9C17-53B5092882C7}.Release|ARM.Build.0 = Release|Any CPU
		{CA1408D4-261E-4BB6-9C17-53B5092882C7}.Release|ARM.Deploy.0 = Release|Any CPU
		{CA1408D4-261E-4BB6-9C17-53B5092882C7}.Release|iPhone.ActiveCfg = Release|Any CPU
		{CA1408D4-261E-4BB6-9C17-53B5092882C7}.Release|iPhone.Build.0 = Release|Any CPU
		{CA1408D4-261E-4BB6-9C17-53B5092882C7}.Release|iPhone.Deploy.0 = Release|Any CPU
		{CA1408D4-261E-4BB6-9C17-53B5092882C7}.Release|iPhoneSimulator.ActiveCfg = Release|Any CPU
		{CA1408D4-261E-4BB6-9C17-53B5092882C7}.Release|iPhoneSimulator.Build.0 = Release|Any CPU
		{CA1408D4-261E-4BB6-9C17-53B5092882C7}.Release|iPhoneSimulator.Deploy.0 = Release|Any CPU
		{CA1408D4-261E-4BB6-9C17-53B5092882C7}.Release|x64.ActiveCfg = Release|Any CPU
		{CA1408D4-261E-4BB6-9C17-53B5092882C7}.Release|x64.Build.0 = Release|Any CPU
		{CA1408D4-261E-4BB6-9C17-53B5092882C7}.Release|x64.Deploy.0 = Release|Any CPU
		{CA1408D4-261E-4BB6-9C17-53B5092882C7}.Release|x86.ActiveCfg = Release|Any CPU
		{CA1408D4-261E-4BB6-9C17-53B5092882C7}.Release|x86.Build.0 = Release|Any CPU
		{CA1408D4-261E-4BB6-9C17-53B5092882C7}.Release|x86.Deploy.0 = Release|Any CPU
		{7EE2B72A-862C-410E-B4AD-928FACB07FEE}.Debug|Any CPU.ActiveCfg = Debug|iPhone
		{7EE2B72A-862C-410E-B4AD-928FACB07FEE}.Debug|ARM.ActiveCfg = Debug|iPhone
		{7EE2B72A-862C-410E-B4AD-928FACB07FEE}.Debug|iPhone.ActiveCfg = Debug|iPhone
		{7EE2B72A-862C-410E-B4AD-928FACB07FEE}.Debug|iPhone.Build.0 = Debug|iPhone
		{7EE2B72A-862C-410E-B4AD-928FACB07FEE}.Debug|iPhoneSimulator.ActiveCfg = Debug|iPhoneSimulator
		{7EE2B72A-862C-410E-B4AD-928FACB07FEE}.Debug|iPhoneSimulator.Build.0 = Debug|iPhoneSimulator
		{7EE2B72A-862C-410E-B4AD-928FACB07FEE}.Debug|x64.ActiveCfg = Debug|iPhone
		{7EE2B72A-862C-410E-B4AD-928FACB07FEE}.Debug|x86.ActiveCfg = Debug|iPhone
		{7EE2B72A-862C-410E-B4AD-928FACB07FEE}.Release|Any CPU.ActiveCfg = Release|iPhone
		{7EE2B72A-862C-410E-B4AD-928FACB07FEE}.Release|ARM.ActiveCfg = Release|iPhone
		{7EE2B72A-862C-410E-B4AD-928FACB07FEE}.Release|iPhone.ActiveCfg = Release|iPhone
		{7EE2B72A-862C-410E-B4AD-928FACB07FEE}.Release|iPhone.Build.0 = Release|iPhone
		{7EE2B72A-862C-410E-B4AD-928FACB07FEE}.Release|iPhoneSimulator.ActiveCfg = Release|iPhoneSimulator
		{7EE2B72A-862C-410E-B4AD-928FACB07FEE}.Release|iPhoneSimulator.Build.0 = Release|iPhoneSimulator
		{7EE2B72A-862C-410E-B4AD-928FACB07FEE}.Release|x64.ActiveCfg = Release|iPhone
		{7EE2B72A-862C-410E-B4AD-928FACB07FEE}.Release|x86.ActiveCfg = Release|iPhone
		{9FCF8AA5-51BC-4A1A-AC0D-985397DDA473}.Debug|Any CPU.ActiveCfg = Debug|Any CPU
		{9FCF8AA5-51BC-4A1A-AC0D-985397DDA473}.Debug|Any CPU.Build.0 = Debug|Any CPU
		{9FCF8AA5-51BC-4A1A-AC0D-985397DDA473}.Debug|ARM.ActiveCfg = Debug|Any CPU
		{9FCF8AA5-51BC-4A1A-AC0D-985397DDA473}.Debug|ARM.Build.0 = Debug|Any CPU
		{9FCF8AA5-51BC-4A1A-AC0D-985397DDA473}.Debug|iPhone.ActiveCfg = Debug|Any CPU
		{9FCF8AA5-51BC-4A1A-AC0D-985397DDA473}.Debug|iPhone.Build.0 = Debug|Any CPU
		{9FCF8AA5-51BC-4A1A-AC0D-985397DDA473}.Debug|iPhoneSimulator.ActiveCfg = Debug|Any CPU
		{9FCF8AA5-51BC-4A1A-AC0D-985397DDA473}.Debug|iPhoneSimulator.Build.0 = Debug|Any CPU
		{9FCF8AA5-51BC-4A1A-AC0D-985397DDA473}.Debug|x64.ActiveCfg = Debug|Any CPU
		{9FCF8AA5-51BC-4A1A-AC0D-985397DDA473}.Debug|x64.Build.0 = Debug|Any CPU
		{9FCF8AA5-51BC-4A1A-AC0D-985397DDA473}.Debug|x86.ActiveCfg = Debug|Any CPU
		{9FCF8AA5-51BC-4A1A-AC0D-985397DDA473}.Debug|x86.Build.0 = Debug|Any CPU
		{9FCF8AA5-51BC-4A1A-AC0D-985397DDA473}.Release|Any CPU.ActiveCfg = Release|Any CPU
		{9FCF8AA5-51BC-4A1A-AC0D-985397DDA473}.Release|Any CPU.Build.0 = Release|Any CPU
		{9FCF8AA5-51BC-4A1A-AC0D-985397DDA473}.Release|ARM.ActiveCfg = Release|Any CPU
		{9FCF8AA5-51BC-4A1A-AC0D-985397DDA473}.Release|ARM.Build.0 = Release|Any CPU
		{9FCF8AA5-51BC-4A1A-AC0D-985397DDA473}.Release|iPhone.ActiveCfg = Release|Any CPU
		{9FCF8AA5-51BC-4A1A-AC0D-985397DDA473}.Release|iPhone.Build.0 = Release|Any CPU
		{9FCF8AA5-51BC-4A1A-AC0D-985397DDA473}.Release|iPhoneSimulator.ActiveCfg = Release|Any CPU
		{9FCF8AA5-51BC-4A1A-AC0D-985397DDA473}.Release|iPhoneSimulator.Build.0 = Release|Any CPU
		{9FCF8AA5-51BC-4A1A-AC0D-985397DDA473}.Release|x64.ActiveCfg = Release|Any CPU
		{9FCF8AA5-51BC-4A1A-AC0D-985397DDA473}.Release|x64.Build.0 = Release|Any CPU
		{9FCF8AA5-51BC-4A1A-AC0D-985397DDA473}.Release|x86.ActiveCfg = Release|Any CPU
		{9FCF8AA5-51BC-4A1A-AC0D-985397DDA473}.Release|x86.Build.0 = Release|Any CPU
		{90B8E4F7-4A20-470F-9684-7ACEB4F7EA6B}.Debug|Any CPU.ActiveCfg = Debug|Any CPU
		{90B8E4F7-4A20-470F-9684-7ACEB4F7EA6B}.Debug|Any CPU.Build.0 = Debug|Any CPU
		{90B8E4F7-4A20-470F-9684-7ACEB4F7EA6B}.Debug|ARM.ActiveCfg = Debug|Any CPU
		{90B8E4F7-4A20-470F-9684-7ACEB4F7EA6B}.Debug|ARM.Build.0 = Debug|Any CPU
		{90B8E4F7-4A20-470F-9684-7ACEB4F7EA6B}.Debug|iPhone.ActiveCfg = Debug|Any CPU
		{90B8E4F7-4A20-470F-9684-7ACEB4F7EA6B}.Debug|iPhone.Build.0 = Debug|Any CPU
		{90B8E4F7-4A20-470F-9684-7ACEB4F7EA6B}.Debug|iPhoneSimulator.ActiveCfg = Debug|Any CPU
		{90B8E4F7-4A20-470F-9684-7ACEB4F7EA6B}.Debug|iPhoneSimulator.Build.0 = Debug|Any CPU
		{90B8E4F7-4A20-470F-9684-7ACEB4F7EA6B}.Debug|x64.ActiveCfg = Debug|Any CPU
		{90B8E4F7-4A20-470F-9684-7ACEB4F7EA6B}.Debug|x64.Build.0 = Debug|Any CPU
		{90B8E4F7-4A20-470F-9684-7ACEB4F7EA6B}.Debug|x86.ActiveCfg = Debug|Any CPU
		{90B8E4F7-4A20-470F-9684-7ACEB4F7EA6B}.Debug|x86.Build.0 = Debug|Any CPU
		{90B8E4F7-4A20-470F-9684-7ACEB4F7EA6B}.Release|Any CPU.ActiveCfg = Release|Any CPU
		{90B8E4F7-4A20-470F-9684-7ACEB4F7EA6B}.Release|Any CPU.Build.0 = Release|Any CPU
		{90B8E4F7-4A20-470F-9684-7ACEB4F7EA6B}.Release|ARM.ActiveCfg = Release|Any CPU
		{90B8E4F7-4A20-470F-9684-7ACEB4F7EA6B}.Release|ARM.Build.0 = Release|Any CPU
		{90B8E4F7-4A20-470F-9684-7ACEB4F7EA6B}.Release|iPhone.ActiveCfg = Release|Any CPU
		{90B8E4F7-4A20-470F-9684-7ACEB4F7EA6B}.Release|iPhone.Build.0 = Release|Any CPU
		{90B8E4F7-4A20-470F-9684-7ACEB4F7EA6B}.Release|iPhoneSimulator.ActiveCfg = Release|Any CPU
		{90B8E4F7-4A20-470F-9684-7ACEB4F7EA6B}.Release|iPhoneSimulator.Build.0 = Release|Any CPU
		{90B8E4F7-4A20-470F-9684-7ACEB4F7EA6B}.Release|x64.ActiveCfg = Release|Any CPU
		{90B8E4F7-4A20-470F-9684-7ACEB4F7EA6B}.Release|x64.Build.0 = Release|Any CPU
		{90B8E4F7-4A20-470F-9684-7ACEB4F7EA6B}.Release|x86.ActiveCfg = Release|Any CPU
		{90B8E4F7-4A20-470F-9684-7ACEB4F7EA6B}.Release|x86.Build.0 = Release|Any CPU
		{A6C39EF4-6220-4475-9FC8-81F9ACAD66E2}.Debug|Any CPU.ActiveCfg = Debug|x86
		{A6C39EF4-6220-4475-9FC8-81F9ACAD66E2}.Debug|ARM.ActiveCfg = Debug|ARM
		{A6C39EF4-6220-4475-9FC8-81F9ACAD66E2}.Debug|ARM.Build.0 = Debug|ARM
		{A6C39EF4-6220-4475-9FC8-81F9ACAD66E2}.Debug|ARM.Deploy.0 = Debug|ARM
		{A6C39EF4-6220-4475-9FC8-81F9ACAD66E2}.Debug|iPhone.ActiveCfg = Debug|x86
		{A6C39EF4-6220-4475-9FC8-81F9ACAD66E2}.Debug|iPhoneSimulator.ActiveCfg = Debug|x86
		{A6C39EF4-6220-4475-9FC8-81F9ACAD66E2}.Debug|x64.ActiveCfg = Debug|x64
		{A6C39EF4-6220-4475-9FC8-81F9ACAD66E2}.Debug|x64.Build.0 = Debug|x64
		{A6C39EF4-6220-4475-9FC8-81F9ACAD66E2}.Debug|x64.Deploy.0 = Debug|x64
		{A6C39EF4-6220-4475-9FC8-81F9ACAD66E2}.Debug|x86.ActiveCfg = Debug|x86
		{A6C39EF4-6220-4475-9FC8-81F9ACAD66E2}.Debug|x86.Build.0 = Debug|x86
		{A6C39EF4-6220-4475-9FC8-81F9ACAD66E2}.Debug|x86.Deploy.0 = Debug|x86
		{A6C39EF4-6220-4475-9FC8-81F9ACAD66E2}.Release|Any CPU.ActiveCfg = Release|x86
		{A6C39EF4-6220-4475-9FC8-81F9ACAD66E2}.Release|ARM.ActiveCfg = Release|ARM
		{A6C39EF4-6220-4475-9FC8-81F9ACAD66E2}.Release|ARM.Build.0 = Release|ARM
		{A6C39EF4-6220-4475-9FC8-81F9ACAD66E2}.Release|ARM.Deploy.0 = Release|ARM
		{A6C39EF4-6220-4475-9FC8-81F9ACAD66E2}.Release|iPhone.ActiveCfg = Release|x86
		{A6C39EF4-6220-4475-9FC8-81F9ACAD66E2}.Release|iPhoneSimulator.ActiveCfg = Release|x86
		{A6C39EF4-6220-4475-9FC8-81F9ACAD66E2}.Release|x64.ActiveCfg = Release|x64
		{A6C39EF4-6220-4475-9FC8-81F9ACAD66E2}.Release|x64.Build.0 = Release|x64
		{A6C39EF4-6220-4475-9FC8-81F9ACAD66E2}.Release|x64.Deploy.0 = Release|x64
		{A6C39EF4-6220-4475-9FC8-81F9ACAD66E2}.Release|x86.ActiveCfg = Release|x86
		{A6C39EF4-6220-4475-9FC8-81F9ACAD66E2}.Release|x86.Build.0 = Release|x86
		{A6C39EF4-6220-4475-9FC8-81F9ACAD66E2}.Release|x86.Deploy.0 = Release|x86
		{37EA4A10-9950-4848-ACA2-852E51E7CA99}.Debug|Any CPU.ActiveCfg = Debug|Any CPU
		{37EA4A10-9950-4848-ACA2-852E51E7CA99}.Debug|Any CPU.Build.0 = Debug|Any CPU
		{37EA4A10-9950-4848-ACA2-852E51E7CA99}.Debug|ARM.ActiveCfg = Debug|Any CPU
		{37EA4A10-9950-4848-ACA2-852E51E7CA99}.Debug|ARM.Build.0 = Debug|Any CPU
		{37EA4A10-9950-4848-ACA2-852E51E7CA99}.Debug|iPhone.ActiveCfg = Debug|Any CPU
		{37EA4A10-9950-4848-ACA2-852E51E7CA99}.Debug|iPhone.Build.0 = Debug|Any CPU
		{37EA4A10-9950-4848-ACA2-852E51E7CA99}.Debug|iPhoneSimulator.ActiveCfg = Debug|Any CPU
		{37EA4A10-9950-4848-ACA2-852E51E7CA99}.Debug|iPhoneSimulator.Build.0 = Debug|Any CPU
		{37EA4A10-9950-4848-ACA2-852E51E7CA99}.Debug|x64.ActiveCfg = Debug|Any CPU
		{37EA4A10-9950-4848-ACA2-852E51E7CA99}.Debug|x64.Build.0 = Debug|Any CPU
		{37EA4A10-9950-4848-ACA2-852E51E7CA99}.Debug|x86.ActiveCfg = Debug|Any CPU
		{37EA4A10-9950-4848-ACA2-852E51E7CA99}.Debug|x86.Build.0 = Debug|Any CPU
		{37EA4A10-9950-4848-ACA2-852E51E7CA99}.Release|Any CPU.ActiveCfg = Release|Any CPU
		{37EA4A10-9950-4848-ACA2-852E51E7CA99}.Release|Any CPU.Build.0 = Release|Any CPU
		{37EA4A10-9950-4848-ACA2-852E51E7CA99}.Release|ARM.ActiveCfg = Release|Any CPU
		{37EA4A10-9950-4848-ACA2-852E51E7CA99}.Release|ARM.Build.0 = Release|Any CPU
		{37EA4A10-9950-4848-ACA2-852E51E7CA99}.Release|iPhone.ActiveCfg = Release|Any CPU
		{37EA4A10-9950-4848-ACA2-852E51E7CA99}.Release|iPhone.Build.0 = Release|Any CPU
		{37EA4A10-9950-4848-ACA2-852E51E7CA99}.Release|iPhoneSimulator.ActiveCfg = Release|Any CPU
		{37EA4A10-9950-4848-ACA2-852E51E7CA99}.Release|iPhoneSimulator.Build.0 = Release|Any CPU
		{37EA4A10-9950-4848-ACA2-852E51E7CA99}.Release|x64.ActiveCfg = Release|Any CPU
		{37EA4A10-9950-4848-ACA2-852E51E7CA99}.Release|x64.Build.0 = Release|Any CPU
		{37EA4A10-9950-4848-ACA2-852E51E7CA99}.Release|x86.ActiveCfg = Release|Any CPU
		{37EA4A10-9950-4848-ACA2-852E51E7CA99}.Release|x86.Build.0 = Release|Any CPU
	EndGlobalSection
	GlobalSection(SolutionProperties) = preSolution
		HideSolutionNode = FALSE
	EndGlobalSection
	GlobalSection(NestedProjects) = preSolution
		{CA1408D4-261E-4BB6-9C17-53B5092882C7} = {85B00F0A-FDC8-48F6-A4AB-5F6822FC7FE8}
		{7EE2B72A-862C-410E-B4AD-928FACB07FEE} = {85B00F0A-FDC8-48F6-A4AB-5F6822FC7FE8}
		{90B8E4F7-4A20-470F-9684-7ACEB4F7EA6B} = {85B00F0A-FDC8-48F6-A4AB-5F6822FC7FE8}
		{A6C39EF4-6220-4475-9FC8-81F9ACAD66E2} = {85B00F0A-FDC8-48F6-A4AB-5F6822FC7FE8}
	EndGlobalSection
EndGlobal
